
Microsoft Visual Studio Solution File, Format Version 12.00
# Visual Studio 2012
Project("{FAE04EC0-301F-11D3-BF4B-00C04F79EFBC}") = "generet", "generet\generet.csproj", "{3B8DA1B1-22A9-4084-B89D-8E86F3802FDA}"
EndProject
Global
	GlobalSection(SolutionConfigurationPlatforms) = preSolution
		Debug|x86 = Debug|x86
		Release|x86 = Release|x86
	EndGlobalSection
	GlobalSection(ProjectConfigurationPlatforms) = postSolution
		{3B8DA1B1-22A9-4084-B89D-8E86F3802FDA}.Debug|x86.ActiveCfg = Debug|x86
		{3B8DA1B1-22A9-4084-B89D-8E86F3802FDA}.Debug|x86.Build.0 = Debug|x86
		{3B8DA1B1-22A9-4084-B89D-8E86F3802FDA}.Release|x86.ActiveCfg = Release|x86
		{3B8DA1B1-22A9-4084-B89D-8E86F3802FDA}.Release|x86.Build.0 = Release|x86
	EndGlobalSection
EndGlobal
